
Microsoft Visual Studio Solution File, Format Version 12.00
# Visual Studio 15
VisualStudioVersion = 15.0.26430.14
MinimumVisualStudioVersion = 10.0.40219.1
Project("{FAE04EC0-301F-11D3-BF4B-00C04F79EFBC}") = "02_4_HelloUwp", "02_4_HelloUwp\02_4_HelloUwp.csproj", "{C6DC20C9-F0BB-42D1-AE99-2A5CC1F73CDC}"
EndProject
Project("{FAE04EC0-301F-11D3-BF4B-00C04F79EFBC}") = "04_1_HelloUwp改", "04_1_HelloUwp改\04_1_HelloUwp改.csproj", "{10523ED6-FC14-4A0A-874E-A95A53EC2ECF}"
EndProject
Project("{FAE04EC0-301F-11D3-BF4B-00C04F79EFBC}") = "04_6_ImageViewer", "04_6_ImageViewer\04_6_ImageViewer.csproj", "{4B4498A1-D36F-4041-864F-ED7049D76768}"
EndProject
Project("{FAE04EC0-301F-11D3-BF4B-00C04F79EFBC}") = "06_9_ImageList", "06_9_ImageList\06_9_ImageList.csproj", "{471F574A-731E-4693-9CB3-0D3B2C3CE9F5}"
EndProject
Project("{FAE04EC0-301F-11D3-BF4B-00C04F79EFBC}") = "07_7_XBindSample", "07_7_XBindSample\07_7_XBindSample.csproj", "{B3EABC0A-67C0-4423-AF53-A122661790C6}"
EndProject
Project("{FAE04EC0-301F-11D3-BF4B-00C04F79EFBC}") = "08_6_ImageList", "08_6_ImageList\08_6_ImageList.csproj", "{60BF3FE5-CD54-4A07-BBB1-0FD5E29F1B35}"
EndProject
Project("{FAE04EC0-301F-11D3-BF4B-00C04F79EFBC}") = "09_1_Style", "09_1_Style\09_1_Style.csproj", "{D97790F8-6A98-4CC7-9F0E-957CE5A1FF7C}"
EndProject
Project("{FAE04EC0-301F-11D3-BF4B-00C04F79EFBC}") = "09_3_ControlTemplate", "09_3_ControlTemplate\09_3_ControlTemplate.csproj", "{E637BBC3-0690-403C-8599-8001E6EA720D}"
EndProject
Project("{FAE04EC0-301F-11D3-BF4B-00C04F79EFBC}") = "10_2_ViewState", "10_2_ViewState\10_2_ViewState.csproj", "{FBA98F17-699C-4286-A5DC-757E91034FBB}"
EndProject
Project("{FAE04EC0-301F-11D3-BF4B-00C04F79EFBC}") = "11_5_Navigation", "11_5_Navigation\11_5_Navigation.csproj", "{4B2D325E-2684-439A-9137-451D846A7F40}"
EndProject
Project("{FAE04EC0-301F-11D3-BF4B-00C04F79EFBC}") = "12_4_TextFile", "12_4_TextFile\12_4_TextFile.csproj", "{7F98A140-6A9A-47B4-965E-599865665C29}"
EndProject
Project("{FAE04EC0-301F-11D3-BF4B-00C04F79EFBC}") = "14_【参考】読み仮名", "14_【参考】読み仮名\14_【参考】読み仮名.csproj", "{4B2203D4-B19B-4C87-BE2C-90D4D71389BB}"
EndProject
Project("{2150E333-8FDC-42A3-9474-1A3956D46DE8}") = "Solution Items", "Solution Items", "{4067894F-3AAA-4734-82B3-8FE14D8E4B8C}"
	ProjectSection(SolutionItems) = preProject
		LICENSE = LICENSE
		README.md = README.md
	EndProjectSection
EndProject
Project("{2150E333-8FDC-42A3-9474-1A3956D46DE8}") = "images", "images", "{FFB0CA2C-7A6A-4D17-AF80-2B87F5A38DCA}"
	ProjectSection(SolutionItems) = preProject
		images\001PackagingTab.png = images\001PackagingTab.png
		images\002SelectSignatureDialog.png = images\002SelectSignatureDialog.png
		images\003SelectSignatureDialog_CreateTestSignature.png = images\003SelectSignatureDialog_CreateTestSignature.png
		images\004CreateTestSignatureDialog.png = images\004CreateTestSignatureDialog.png
	EndProjectSection
EndProject
Global
	GlobalSection(SolutionConfigurationPlatforms) = preSolution
		Debug|ARM = Debug|ARM
		Debug|x64 = Debug|x64
		Debug|x86 = Debug|x86
		Release|ARM = Release|ARM
		Release|x64 = Release|x64
		Release|x86 = Release|x86
	EndGlobalSection
	GlobalSection(ProjectConfigurationPlatforms) = postSolution
		{C6DC20C9-F0BB-42D1-AE99-2A5CC1F73CDC}.Debug|ARM.ActiveCfg = Debug|ARM
		{C6DC20C9-F0BB-42D1-AE99-2A5CC1F73CDC}.Debug|ARM.Build.0 = Debug|ARM
		{C6DC20C9-F0BB-42D1-AE99-2A5CC1F73CDC}.Debug|ARM.Deploy.0 = Debug|ARM
		{C6DC20C9-F0BB-42D1-AE99-2A5CC1F73CDC}.Debug|x64.ActiveCfg = Debug|x64
		{C6DC20C9-F0BB-42D1-AE99-2A5CC1F73CDC}.Debug|x64.Build.0 = Debug|x64
		{C6DC20C9-F0BB-42D1-AE99-2A5CC1F73CDC}.Debug|x64.Deploy.0 = Debug|x64
		{C6DC20C9-F0BB-42D1-AE99-2A5CC1F73CDC}.Debug|x86.ActiveCfg = Debug|x86
		{C6DC20C9-F0BB-42D1-AE99-2A5CC1F73CDC}.Debug|x86.Build.0 = Debug|x86
		{C6DC20C9-F0BB-42D1-AE99-2A5CC1F73CDC}.Debug|x86.Deploy.0 = Debug|x86
		{C6DC20C9-F0BB-42D1-AE99-2A5CC1F73CDC}.Release|ARM.ActiveCfg = Release|ARM
		{C6DC20C9-F0BB-42D1-AE99-2A5CC1F73CDC}.Release|ARM.Build.0 = Release|ARM
		{C6DC20C9-F0BB-42D1-AE99-2A5CC1F73CDC}.Release|ARM.Deploy.0 = Release|ARM
		{C6DC20C9-F0BB-42D1-AE99-2A5CC1F73CDC}.Release|x64.ActiveCfg = Release|x64
		{C6DC20C9-F0BB-42D1-AE99-2A5CC1F73CDC}.Release|x64.Build.0 = Release|x64
		{C6DC20C9-F0BB-42D1-AE99-2A5CC1F73CDC}.Release|x64.Deploy.0 = Release|x64
		{C6DC20C9-F0BB-42D1-AE99-2A5CC1F73CDC}.Release|x86.ActiveCfg = Release|x86
		{C6DC20C9-F0BB-42D1-AE99-2A5CC1F73CDC}.Release|x86.Build.0 = Release|x86
		{C6DC20C9-F0BB-42D1-AE99-2A5CC1F73CDC}.Release|x86.Deploy.0 = Release|x86
		{10523ED6-FC14-4A0A-874E-A95A53EC2ECF}.Debug|ARM.ActiveCfg = Debug|ARM
		{10523ED6-FC14-4A0A-874E-A95A53EC2ECF}.Debug|ARM.Build.0 = Debug|ARM
		{10523ED6-FC14-4A0A-874E-A95A53EC2ECF}.Debug|ARM.Deploy.0 = Debug|ARM
		{10523ED6-FC14-4A0A-874E-A95A53EC2ECF}.Debug|x64.ActiveCfg = Debug|x64
		{10523ED6-FC14-4A0A-874E-A95A53EC2ECF}.Debug|x64.Build.0 = Debug|x64
		{10523ED6-FC14-4A0A-874E-A95A53EC2ECF}.Debug|x64.Deploy.0 = Debug|x64
		{10523ED6-FC14-4A0A-874E-A95A53EC2ECF}.Debug|x86.ActiveCfg = Debug|x86
		{10523ED6-FC14-4A0A-874E-A95A53EC2ECF}.Debug|x86.Build.0 = Debug|x86
		{10523ED6-FC14-4A0A-874E-A95A53EC2ECF}.Debug|x86.Deploy.0 = Debug|x86
		{10523ED6-FC14-4A0A-874E-A95A53EC2ECF}.Release|ARM.ActiveCfg = Release|ARM
		{10523ED6-FC14-4A0A-874E-A95A53EC2ECF}.Release|ARM.Build.0 = Release|ARM
		{10523ED6-FC14-4A0A-874E-A95A53EC2ECF}.Release|ARM.Deploy.0 = Release|ARM
		{10523ED6-FC14-4A0A-874E-A95A53EC2ECF}.Release|x64.ActiveCfg = Release|x64
		{10523ED6-FC14-4A0A-874E-A95A53EC2ECF}.Release|x64.Build.0 = Release|x64
		{10523ED6-FC14-4A0A-874E-A95A53EC2ECF}.Release|x64.Deploy.0 = Release|x64
		{10523ED6-FC14-4A0A-874E-A95A53EC2ECF}.Release|x86.ActiveCfg = Release|x86
		{10523ED6-FC14-4A0A-874E-A95A53EC2ECF}.Release|x86.Build.0 = Release|x86
		{10523ED6-FC14-4A0A-874E-A95A53EC2ECF}.Release|x86.Deploy.0 = Release|x86
		{4B4498A1-D36F-4041-864F-ED7049D76768}.Debug|ARM.ActiveCfg = Debug|ARM
		{4B4498A1-D36F-4041-864F-ED7049D76768}.Debug|ARM.Build.0 = Debug|ARM
		{4B4498A1-D36F-4041-864F-ED7049D76768}.Debug|ARM.Deploy.0 = Debug|ARM
		{4B4498A1-D36F-4041-864F-ED7049D76768}.Debug|x64.ActiveCfg = Debug|x64
		{4B4498A1-D36F-4041-864F-ED7049D76768}.Debug|x64.Build.0 = Debug|x64
		{4B4498A1-D36F-4041-864F-ED7049D76768}.Debug|x64.Deploy.0 = Debug|x64
		{4B4498A1-D36F-4041-864F-ED7049D76768}.Debug|x86.ActiveCfg = Debug|x86
		{4B4498A1-D36F-4041-864F-ED7049D76768}.Debug|x86.Build.0 = Debug|x86
		{4B4498A1-D36F-4041-864F-ED7049D76768}.Debug|x86.Deploy.0 = Debug|x86
		{4B4498A1-D36F-4041-864F-ED7049D76768}.Release|ARM.ActiveCfg = Release|ARM
		{4B4498A1-D36F-4041-864F-ED7049D76768}.Release|ARM.Build.0 = Release|ARM
		{4B4498A1-D36F-4041-864F-ED7049D76768}.Release|ARM.Deploy.0 = Release|ARM
		{4B4498A1-D36F-4041-864F-ED7049D76768}.Release|x64.ActiveCfg = Release|x64
		{4B4498A1-D36F-4041-864F-ED7049D76768}.Release|x64.Build.0 = Release|x64
		{4B4498A1-D36F-4041-864F-ED7049D76768}.Release|x64.Deploy.0 = Release|x64
		{4B4498A1-D36F-4041-864F-ED7049D76768}.Release|x86.ActiveCfg = Release|x86
		{4B4498A1-D36F-4041-864F-ED7049D76768}.Release|x86.Build.0 = Release|x86
		{4B4498A1-D36F-4041-864F-ED7049D76768}.Release|x86.Deploy.0 = Release|x86
		{471F574A-731E-4693-9CB3-0D3B2C3CE9F5}.Debug|ARM.ActiveCfg = Debug|ARM
		{471F574A-731E-4693-9CB3-0D3B2C3CE9F5}.Debug|ARM.Build.0 = Debug|ARM
		{471F574A-731E-4693-9CB3-0D3B2C3CE9F5}.Debug|ARM.Deploy.0 = Debug|ARM
		{471F574A-731E-4693-9CB3-0D3B2C3CE9F5}.Debug|x64.ActiveCfg = Debug|x64
		{471F574A-731E-4693-9CB3-0D3B2C3CE9F5}.Debug|x64.Build.0 = Debug|x64
		{471F574A-731E-4693-9CB3-0D3B2C3CE9F5}.Debug|x64.Deploy.0 = Debug|x64
		{471F574A-731E-4693-9CB3-0D3B2C3CE9F5}.Debug|x86.ActiveCfg = Debug|x86
		{471F574A-731E-4693-9CB3-0D3B2C3CE9F5}.Debug|x86.Build.0 = Debug|x86
		{471F574A-731E-4693-9CB3-0D3B2C3CE9F5}.Debug|x86.Deploy.0 = Debug|x86
		{471F574A-731E-4693-9CB3-0D3B2C3CE9F5}.Release|ARM.ActiveCfg = Release|ARM
		{471F574A-731E-4693-9CB3-0D3B2C3CE9F5}.Release|ARM.Build.0 = Release|ARM
		{471F574A-731E-4693-9CB3-0D3B2C3CE9F5}.Release|ARM.Deploy.0 = Release|ARM
		{471F574A-731E-4693-9CB3-0D3B2C3CE9F5}.Release|x64.ActiveCfg = Release|x64
		{471F574A-731E-4693-9CB3-0D3B2C3CE9F5}.Release|x64.Build.0 = Release|x64
		{471F574A-731E-4693-9CB3-0D3B2C3CE9F5}.Release|x64.Deploy.0 = Release|x64
		{471F574A-731E-4693-9CB3-0D3B2C3CE9F5}.Release|x86.ActiveCfg = Release|x86
		{471F574A-731E-4693-9CB3-0D3B2C3CE9F5}.Release|x86.Build.0 = Release|x86
		{471F574A-731E-4693-9CB3-0D3B2C3CE9F5}.Release|x86.Deploy.0 = Release|x86
		{B3EABC0A-67C0-4423-AF53-A122661790C6}.Debug|ARM.ActiveCfg = Debug|ARM
		{B3EABC0A-67C0-4423-AF53-A122661790C6}.Debug|ARM.Build.0 = Debug|ARM
		{B3EABC0A-67C0-4423-AF53-A122661790C6}.Debug|ARM.Deploy.0 = Debug|ARM
		{B3EABC0A-67C0-4423-AF53-A122661790C6}.Debug|x64.ActiveCfg = Debug|x64
		{B3EABC0A-67C0-4423-AF53-A122661790C6}.Debug|x64.Build.0 = Debug|x64
		{B3EABC0A-67C0-4423-AF53-A122661790C6}.Debug|x64.Deploy.0 = Debug|x64
		{B3EABC0A-67C0-4423-AF53-A122661790C6}.Debug|x86.ActiveCfg = Debug|x86
		{B3EABC0A-67C0-4423-AF53-A122661790C6}.Debug|x86.Build.0 = Debug|x86
		{B3EABC0A-67C0-4423-AF53-A122661790C6}.Debug|x86.Deploy.0 = Debug|x86
		{B3EABC0A-67C0-4423-AF53-A122661790C6}.Release|ARM.ActiveCfg = Release|ARM
		{B3EABC0A-67C0-4423-AF53-A122661790C6}.Release|ARM.Build.0 = Release|ARM
		{B3EABC0A-67C0-4423-AF53-A122661790C6}.Release|ARM.Deploy.0 = Release|ARM
		{B3EABC0A-67C0-4423-AF53-A122661790C6}.Release|x64.ActiveCfg = Release|x64
		{B3EABC0A-67C0-4423-AF53-A122661790C6}.Release|x64.Build.0 = Release|x64
		{B3EABC0A-67C0-4423-AF53-A122661790C6}.Release|x64.Deploy.0 = Release|x64
		{B3EABC0A-67C0-4423-AF53-A122661790C6}.Release|x86.ActiveCfg = Release|x86
		{B3EABC0A-67C0-4423-AF53-A122661790C6}.Release|x86.Build.0 = Release|x86
		{B3EABC0A-67C0-4423-AF53-A122661790C6}.Release|x86.Deploy.0 = Release|x86
		{60BF3FE5-CD54-4A07-BBB1-0FD5E29F1B35}.Debug|ARM.ActiveCfg = Debug|ARM
		{60BF3FE5-CD54-4A07-BBB1-0FD5E29F1B35}.Debug|ARM.Build.0 = Debug|ARM
		{60BF3FE5-CD54-4A07-BBB1-0FD5E29F1B35}.Debug|ARM.Deploy.0 = Debug|ARM
		{60BF3FE5-CD54-4A07-BBB1-0FD5E29F1B35}.Debug|x64.ActiveCfg = Debug|x64
		{60BF3FE5-CD54-4A07-BBB1-0FD5E29F1B35}.Debug|x64.Build.0 = Debug|x64
		{60BF3FE5-CD54-4A07-BBB1-0FD5E29F1B35}.Debug|x64.Deploy.0 = Debug|x64
		{60BF3FE5-CD54-4A07-BBB1-0FD5E29F1B35}.Debug|x86.ActiveCfg = Debug|x86
		{60BF3FE5-CD54-4A07-BBB1-0FD5E29F1B35}.Debug|x86.Build.0 = Debug|x86
		{60BF3FE5-CD54-4A07-BBB1-0FD5E29F1B35}.Debug|x86.Deploy.0 = Debug|x86
		{60BF3FE5-CD54-4A07-BBB1-0FD5E29F1B35}.Release|ARM.ActiveCfg = Release|ARM
		{60BF3FE5-CD54-4A07-BBB1-0FD5E29F1B35}.Release|ARM.Build.0 = Release|ARM
		{60BF3FE5-CD54-4A07-BBB1-0FD5E29F1B35}.Release|ARM.Deploy.0 = Release|ARM
		{60BF3FE5-CD54-4A07-BBB1-0FD5E29F1B35}.Release|x64.ActiveCfg = Release|x64
		{60BF3FE5-CD54-4A07-BBB1-0FD5E29F1B35}.Release|x64.Build.0 = Release|x64
		{60BF3FE5-CD54-4A07-BBB1-0FD5E29F1B35}.Release|x64.Deploy.0 = Release|x64
		{60BF3FE5-CD54-4A07-BBB1-0FD5E29F1B35}.Release|x86.ActiveCfg = Release|x86
		{60BF3FE5-CD54-4A07-BBB1-0FD5E29F1B35}.Release|x86.Build.0 = Release|x86
		{60BF3FE5-CD54-4A07-BBB1-0FD5E29F1B35}.Release|x86.Deploy.0 = Release|x86
		{D97790F8-6A98-4CC7-9F0E-957CE5A1FF7C}.Debug|ARM.ActiveCfg = Debug|ARM
		{D97790F8-6A98-4CC7-9F0E-957CE5A1FF7C}.Debug|ARM.Build.0 = Debug|ARM
		{D97790F8-6A98-4CC7-9F0E-957CE5A1FF7C}.Debug|ARM.Deploy.0 = Debug|ARM
		{D97790F8-6A98-4CC7-9F0E-957CE5A1FF7C}.Debug|x64.ActiveCfg = Debug|x64
		{D97790F8-6A98-4CC7-9F0E-957CE5A1FF7C}.Debug|x64.Build.0 = Debug|x64
		{D97790F8-6A98-4CC7-9F0E-957CE5A1FF7C}.Debug|x64.Deploy.0 = Debug|x64
		{D97790F8-6A98-4CC7-9F0E-957CE5A1FF7C}.Debug|x86.ActiveCfg = Debug|x86
		{D97790F8-6A98-4CC7-9F0E-957CE5A1FF7C}.Debug|x86.Build.0 = Debug|x86
		{D97790F8-6A98-4CC7-9F0E-957CE5A1FF7C}.Debug|x86.Deploy.0 = Debug|x86
		{D97790F8-6A98-4CC7-9F0E-957CE5A1FF7C}.Release|ARM.ActiveCfg = Release|ARM
		{D97790F8-6A98-4CC7-9F0E-957CE5A1FF7C}.Release|ARM.Build.0 = Release|ARM
		{D97790F8-6A98-4CC7-9F0E-957CE5A1FF7C}.Release|ARM.Deploy.0 = Release|ARM
		{D97790F8-6A98-4CC7-9F0E-957CE5A1FF7C}.Release|x64.ActiveCfg = Release|x64
		{D97790F8-6A98-4CC7-9F0E-957CE5A1FF7C}.Release|x64.Build.0 = Release|x64
		{D97790F8-6A98-4CC7-9F0E-957CE5A1FF7C}.Release|x64.Deploy.0 = Release|x64
		{D97790F8-6A98-4CC7-9F0E-957CE5A1FF7C}.Release|x86.ActiveCfg = Release|x86
		{D97790F8-6A98-4CC7-9F0E-957CE5A1FF7C}.Release|x86.Build.0 = Release|x86
		{D97790F8-6A98-4CC7-9F0E-957CE5A1FF7C}.Release|x86.Deploy.0 = Release|x86
		{E637BBC3-0690-403C-8599-8001E6EA720D}.Debug|ARM.ActiveCfg = Debug|ARM
		{E637BBC3-0690-403C-8599-8001E6EA720D}.Debug|ARM.Build.0 = Debug|ARM
		{E637BBC3-0690-403C-8599-8001E6EA720D}.Debug|ARM.Deploy.0 = Debug|ARM
		{E637BBC3-0690-403C-8599-8001E6EA720D}.Debug|x64.ActiveCfg = Debug|x64
		{E637BBC3-0690-403C-8599-8001E6EA720D}.Debug|x64.Build.0 = Debug|x64
		{E637BBC3-0690-403C-8599-8001E6EA720D}.Debug|x64.Deploy.0 = Debug|x64
		{E637BBC3-0690-403C-8599-8001E6EA720D}.Debug|x86.ActiveCfg = Debug|x86
		{E637BBC3-0690-403C-8599-8001E6EA720D}.Debug|x86.Build.0 = Debug|x86
		{E637BBC3-0690-403C-8599-8001E6EA720D}.Debug|x86.Deploy.0 = Debug|x86
		{E637BBC3-0690-403C-8599-8001E6EA720D}.Release|ARM.ActiveCfg = Release|ARM
		{E637BBC3-0690-403C-8599-8001E6EA720D}.Release|ARM.Build.0 = Release|ARM
		{E637BBC3-0690-403C-8599-8001E6EA720D}.Release|ARM.Deploy.0 = Release|ARM
		{E637BBC3-0690-403C-8599-8001E6EA720D}.Release|x64.ActiveCfg = Release|x64
		{E637BBC3-0690-403C-8599-8001E6EA720D}.Release|x64.Build.0 = Release|x64
		{E637BBC3-0690-403C-8599-8001E6EA720D}.Release|x64.Deploy.0 = Release|x64
		{E637BBC3-0690-403C-8599-8001E6EA720D}.Release|x86.ActiveCfg = Release|x86
		{E637BBC3-0690-403C-8599-8001E6EA720D}.Release|x86.Build.0 = Release|x86
		{E637BBC3-0690-403C-8599-8001E6EA720D}.Release|x86.Deploy.0 = Release|x86
		{FBA98F17-699C-4286-A5DC-757E91034FBB}.Debug|ARM.ActiveCfg = Debug|ARM
		{FBA98F17-699C-4286-A5DC-757E91034FBB}.Debug|ARM.Build.0 = Debug|ARM
		{FBA98F17-699C-4286-A5DC-757E91034FBB}.Debug|ARM.Deploy.0 = Debug|ARM
		{FBA98F17-699C-4286-A5DC-757E91034FBB}.Debug|x64.ActiveCfg = Debug|x64
		{FBA98F17-699C-4286-A5DC-757E91034FBB}.Debug|x64.Build.0 = Debug|x64
		{FBA98F17-699C-4286-A5DC-757E91034FBB}.Debug|x64.Deploy.0 = Debug|x64
		{FBA98F17-699C-4286-A5DC-757E91034FBB}.Debug|x86.ActiveCfg = Debug|x86
		{FBA98F17-699C-4286-A5DC-757E91034FBB}.Debug|x86.Build.0 = Debug|x86
		{FBA98F17-699C-4286-A5DC-757E91034FBB}.Debug|x86.Deploy.0 = Debug|x86
		{FBA98F17-699C-4286-A5DC-757E91034FBB}.Release|ARM.ActiveCfg = Release|ARM
		{FBA98F17-699C-4286-A5DC-757E91034FBB}.Release|ARM.Build.0 = Release|ARM
		{FBA98F17-699C-4286-A5DC-757E91034FBB}.Release|ARM.Deploy.0 = Release|ARM
		{FBA98F17-699C-4286-A5DC-757E91034FBB}.Release|x64.ActiveCfg = Release|x64
		{FBA98F17-699C-4286-A5DC-757E91034FBB}.Release|x64.Build.0 = Release|x64
		{FBA98F17-699C-4286-A5DC-757E91034FBB}.Release|x64.Deploy.0 = Release|x64
		{FBA98F17-699C-4286-A5DC-757E91034FBB}.Release|x86.ActiveCfg = Release|x86
		{FBA98F17-699C-4286-A5DC-757E91034FBB}.Release|x86.Build.0 = Release|x86
		{FBA98F17-699C-4286-A5DC-757E91034FBB}.Release|x86.Deploy.0 = Release|x86
		{4B2D325E-2684-439A-9137-451D846A7F40}.Debug|ARM.ActiveCfg = Debug|ARM
		{4B2D325E-2684-439A-9137-451D846A7F40}.Debug|ARM.Build.0 = Debug|ARM
		{4B2D325E-2684-439A-9137-451D846A7F40}.Debug|ARM.Deploy.0 = Debug|ARM
		{4B2D325E-2684-439A-9137-451D846A7F40}.Debug|x64.ActiveCfg = Debug|x64
		{4B2D325E-2684-439A-9137-451D846A7F40}.Debug|x64.Build.0 = Debug|x64
		{4B2D325E-2684-439A-9137-451D846A7F40}.Debug|x64.Deploy.0 = Debug|x64
		{4B2D325E-2684-439A-9137-451D846A7F40}.Debug|x86.ActiveCfg = Debug|x86
		{4B2D325E-2684-439A-9137-451D846A7F40}.Debug|x86.Build.0 = Debug|x86
		{4B2D325E-2684-439A-9137-451D846A7F40}.Debug|x86.Deploy.0 = Debug|x86
		{4B2D325E-2684-439A-9137-451D846A7F40}.Release|ARM.ActiveCfg = Release|ARM
		{4B2D325E-2684-439A-9137-451D846A7F40}.Release|ARM.Build.0 = Release|ARM
		{4B2D325E-2684-439A-9137-451D846A7F40}.Release|ARM.Deploy.0 = Release|ARM
		{4B2D325E-2684-439A-9137-451D846A7F40}.Release|x64.ActiveCfg = Release|x64
		{4B2D325E-2684-439A-9137-451D846A7F40}.Release|x64.Build.0 = Release|x64
		{4B2D325E-2684-439A-9137-451D846A7F40}.Release|x64.Deploy.0 = Release|x64
		{4B2D325E-2684-439A-9137-451D846A7F40}.Release|x86.ActiveCfg = Release|x86
		{4B2D325E-2684-439A-9137-451D846A7F40}.Release|x86.Build.0 = Release|x86
		{4B2D325E-2684-439A-9137-451D846A7F40}.Release|x86.Deploy.0 = Release|x86
		{7F98A140-6A9A-47B4-965E-599865665C29}.Debug|ARM.ActiveCfg = Debug|ARM
		{7F98A140-6A9A-47B4-965E-599865665C29}.Debug|ARM.Build.0 = Debug|ARM
		{7F98A140-6A9A-47B4-965E-599865665C29}.Debug|ARM.Deploy.0 = Debug|ARM
		{7F98A140-6A9A-47B4-965E-599865665C29}.Debug|x64.ActiveCfg = Debug|x64
		{7F98A140-6A9A-47B4-965E-599865665C29}.Debug|x64.Build.0 = Debug|x64
		{7F98A140-6A9A-47B4-965E-599865665C29}.Debug|x64.Deploy.0 = Debug|x64
		{7F98A140-6A9A-47B4-965E-599865665C29}.Debug|x86.ActiveCfg = Debug|x86
		{7F98A140-6A9A-47B4-965E-599865665C29}.Debug|x86.Build.0 = Debug|x86
		{7F98A140-6A9A-47B4-965E-599865665C29}.Debug|x86.Deploy.0 = Debug|x86
		{7F98A140-6A9A-47B4-965E-599865665C29}.Release|ARM.ActiveCfg = Release|ARM
		{7F98A140-6A9A-47B4-965E-599865665C29}.Release|ARM.Build.0 = Release|ARM
		{7F98A140-6A9A-47B4-965E-599865665C29}.Release|ARM.Deploy.0 = Release|ARM
		{7F98A140-6A9A-47B4-965E-599865665C29}.Release|x64.ActiveCfg = Release|x64
		{7F98A140-6A9A-47B4-965E-599865665C29}.Release|x64.Build.0 = Release|x64
		{7F98A140-6A9A-47B4-965E-599865665C29}.Release|x64.Deploy.0 = Release|x64
		{7F98A140-6A9A-47B4-965E-599865665C29}.Release|x86.ActiveCfg = Release|x86
		{7F98A140-6A9A-47B4-965E-599865665C29}.Release|x86.Build.0 = Release|x86
		{7F98A140-6A9A-47B4-965E-599865665C29}.Release|x86.Deploy.0 = Release|x86
		{4B2203D4-B19B-4C87-BE2C-90D4D71389BB}.Debug|ARM.ActiveCfg = Debug|ARM
		{4B2203D4-B19B-4C87-BE2C-90D4D71389BB}.Debug|ARM.Build.0 = Debug|ARM
		{4B2203D4-B19B-4C87-BE2C-90D4D71389BB}.Debug|ARM.Deploy.0 = Debug|ARM
		{4B2203D4-B19B-4C87-BE2C-90D4D71389BB}.Debug|x64.ActiveCfg = Debug|x64
		{4B2203D4-B19B-4C87-BE2C-90D4D71389BB}.Debug|x64.Build.0 = Debug|x64
		{4B2203D4-B19B-4C87-BE2C-90D4D71389BB}.Debug|x64.Deploy.0 = Debug|x64
		{4B2203D4-B19B-4C87-BE2C-90D4D71389BB}.Debug|x86.ActiveCfg = Debug|x86
		{4B2203D4-B19B-4C87-BE2C-90D4D71389BB}.Debug|x86.Build.0 = Debug|x86
		{4B2203D4-B19B-4C87-BE2C-90D4D71389BB}.Debug|x86.Deploy.0 = Debug|x86
		{4B2203D4-B19B-4C87-BE2C-90D4D71389BB}.Release|ARM.ActiveCfg = Release|ARM
		{4B2203D4-B19B-4C87-BE2C-90D4D71389BB}.Release|ARM.Build.0 = Release|ARM
		{4B2203D4-B19B-4C87-BE2C-90D4D71389BB}.Release|ARM.Deploy.0 = Release|ARM
		{4B2203D4-B19B-4C87-BE2C-90D4D71389BB}.Release|x64.ActiveCfg = Release|x64
		{4B2203D4-B19B-4C87-BE2C-90D4D71389BB}.Release|x64.Build.0 = Release|x64
		{4B2203D4-B19B-4C87-BE2C-90D4D71389BB}.Release|x64.Deploy.0 = Release|x64
		{4B2203D4-B19B-4C87-BE2C-90D4D71389BB}.Release|x86.ActiveCfg = Release|x86
		{4B2203D4-B19B-4C87-BE2C-90D4D71389BB}.Release|x86.Build.0 = Release|x86
		{4B2203D4-B19B-4C87-BE2C-90D4D71389BB}.Release|x86.Deploy.0 = Release|x86
	EndGlobalSection
	GlobalSection(SolutionProperties) = preSolution
		HideSolutionNode = FALSE
	EndGlobalSection
	GlobalSection(NestedProjects) = preSolution
		{FFB0CA2C-7A6A-4D17-AF80-2B87F5A38DCA} = {4067894F-3AAA-4734-82B3-8FE14D8E4B8C}
	EndGlobalSection
EndGlobal
